// !$*UTF8*$!
{
	archiveVersion = 1;
	classes = {
	};
	objectVersion = 56;
	objects = {

/* Begin PBXBuildFile section */
		AE3B7A5D2AB8957100EB8F02 /* PDFKitPracticeApp.swift in Sources */ = {isa = PBXBuildFile; fileRef = AE3B7A5C2AB8957100EB8F02 /* PDFKitPracticeApp.swift */; };
		AE3B7A5F2AB8957100EB8F02 /* ContentView.swift in Sources */ = {isa = PBXBuildFile; fileRef = AE3B7A5E2AB8957100EB8F02 /* ContentView.swift */; };
		AE3B7A612AB8957200EB8F02 /* Assets.xcassets in Resources */ = {isa = PBXBuildFile; fileRef = AE3B7A602AB8957200EB8F02 /* Assets.xcassets */; };
		AE3B7A642AB8957200EB8F02 /* Preview Assets.xcassets in Resources */ = {isa = PBXBuildFile; fileRef = AE3B7A632AB8957200EB8F02 /* Preview Assets.xcassets */; };
		AE3B7A6D2AB899D900EB8F02 /* form.pdf in Resources */ = {isa = PBXBuildFile; fileRef = AE3B7A6C2AB899D900EB8F02 /* form.pdf */; };
		AE57B9E62AB9B5C100F71B34 /* PDFViewer.swift in Sources */ = {isa = PBXBuildFile; fileRef = AE57B9E52AB9B5C100F71B34 /* PDFViewer.swift */; };
		AE57B9E82AB9BED300F71B34 /* Utilities.swift in Sources */ = {isa = PBXBuildFile; fileRef = AE57B9E72AB9BED300F71B34 /* Utilities.swift */; };
		AE57B9EA2AB9C02A00F71B34 /* WriteFormView.swift in Sources */ = {isa = PBXBuildFile; fileRef = AE57B9E92AB9C02A00F71B34 /* WriteFormView.swift */; };
		AE57B9EC2ABC4D2F00F71B34 /* Data.swift in Sources */ = {isa = PBXBuildFile; fileRef = AE57B9EB2ABC4D2F00F71B34 /* Data.swift */; };
		AE57B9F02ABC5D2D00F71B34 /* PDFManager.swift in Sources */ = {isa = PBXBuildFile; fileRef = AE57B9EF2ABC5D2D00F71B34 /* PDFManager.swift */; };
/* End PBXBuildFile section */

/* Begin PBXFileReference section */
		AE3B7A592AB8957100EB8F02 /* PDFKitPractice.app */ = {isa = PBXFileReference; explicitFileType = wrapper.application; includeInIndex = 0; path = PDFKitPractice.app; sourceTree = BUILT_PRODUCTS_DIR; };
		AE3B7A5C2AB8957100EB8F02 /* PDFKitPracticeApp.swift */ = {isa = PBXFileReference; lastKnownFileType = sourcecode.swift; path = PDFKitPracticeApp.swift; sourceTree = "<group>"; };
		AE3B7A5E2AB8957100EB8F02 /* ContentView.swift */ = {isa = PBXFileReference; lastKnownFileType = sourcecode.swift; path = ContentView.swift; sourceTree = "<group>"; };
		AE3B7A602AB8957200EB8F02 /* Assets.xcassets */ = {isa = PBXFileReference; lastKnownFileType = folder.assetcatalog; path = Assets.xcassets; sourceTree = "<group>"; };
		AE3B7A632AB8957200EB8F02 /* Preview Assets.xcassets */ = {isa = PBXFileReference; lastKnownFileType = folder.assetcatalog; path = "Preview Assets.xcassets"; sourceTree = "<group>"; };
		AE3B7A6C2AB899D900EB8F02 /* form.pdf */ = {isa = PBXFileReference; lastKnownFileType = image.pdf; path = form.pdf; sourceTree = "<group>"; };
		AE57B9E52AB9B5C100F71B34 /* PDFViewer.swift */ = {isa = PBXFileReference; lastKnownFileType = sourcecode.swift; path = PDFViewer.swift; sourceTree = "<group>"; };
		AE57B9E72AB9BED300F71B34 /* Utilities.swift */ = {isa = PBXFileReference; lastKnownFileType = sourcecode.swift; path = Utilities.swift; sourceTree = "<group>"; };
		AE57B9E92AB9C02A00F71B34 /* WriteFormView.swift */ = {isa = PBXFileReference; lastKnownFileType = sourcecode.swift; path = WriteFormView.swift; sourceTree = "<group>"; };
		AE57B9EB2ABC4D2F00F71B34 /* Data.swift */ = {isa = PBXFileReference; lastKnownFileType = sourcecode.swift; path = Data.swift; sourceTree = "<group>"; };
		AE57B9EF2ABC5D2D00F71B34 /* PDFManager.swift */ = {isa = PBXFileReference; lastKnownFileType = sourcecode.swift; path = PDFManager.swift; sourceTree = "<group>"; };
/* End PBXFileReference section */

/* Begin PBXFrameworksBuildPhase section */
		AE3B7A562AB8957100EB8F02 /* Frameworks */ = {
			isa = PBXFrameworksBuildPhase;
			buildActionMask = 2147483647;
			files = (
			);
			runOnlyForDeploymentPostprocessing = 0;
		};
/* End PBXFrameworksBuildPhase section */

/* Begin PBXGroup section */
		AE3B7A502AB8957100EB8F02 = {
			isa = PBXGroup;
			children = (
				AE3B7A5B2AB8957100EB8F02 /* PDFKitPractice */,
				AE3B7A5A2AB8957100EB8F02 /* Products */,
			);
			sourceTree = "<group>";
		};
		AE3B7A5A2AB8957100EB8F02 /* Products */ = {
			isa = PBXGroup;
			children = (
				AE3B7A592AB8957100EB8F02 /* PDFKitPractice.app */,
			);
			name = Products;
			sourceTree = "<group>";
		};
		AE3B7A5B2AB8957100EB8F02 /* PDFKitPractice */ = {
			isa = PBXGroup;
			children = (
				AE3B7A5C2AB8957100EB8F02 /* PDFKitPracticeApp.swift */,
				AE57B9EB2ABC4D2F00F71B34 /* Data.swift */,
				AE3B7A5E2AB8957100EB8F02 /* ContentView.swift */,
				AE57B9E92AB9C02A00F71B34 /* WriteFormView.swift */,
				AE57B9EF2ABC5D2D00F71B34 /* PDFManager.swift */,
				AE57B9E52AB9B5C100F71B34 /* PDFViewer.swift */,
				AE57B9E72AB9BED300F71B34 /* Utilities.swift */,
				AE3B7A6C2AB899D900EB8F02 /* form.pdf */,
				AE3B7A602AB8957200EB8F02 /* Assets.xcassets */,
				AE3B7A622AB8957200EB8F02 /* Preview Content */,
			);
			path = PDFKitPractice;
			sourceTree = "<group>";
		};
		AE3B7A622AB8957200EB8F02 /* Preview Content */ = {
			isa = PBXGroup;
			children = (
				AE3B7A632AB8957200EB8F02 /* Preview Assets.xcassets */,
			);
			path = "Preview Content";
			sourceTree = "<group>";
		};
/* End PBXGroup section */

/* Begin PBXNativeTarget section */
		AE3B7A582AB8957100EB8F02 /* PDFKitPractice */ = {
			isa = PBXNativeTarget;
			buildConfigurationList = AE3B7A672AB8957200EB8F02 /* Build configuration list for PBXNativeTarget "PDFKitPractice" */;
			buildPhases = (
				AE3B7A552AB8957100EB8F02 /* Sources */,
				AE3B7A562AB8957100EB8F02 /* Frameworks */,
				AE3B7A572AB8957100EB8F02 /* Resources */,
			);
			buildRules = (
			);
			dependencies = (
			);
			name = PDFKitPractice;
			productName = PDFKitPractice;
			productReference = AE3B7A592AB8957100EB8F02 /* PDFKitPractice.app */;
			productType = "com.apple.product-type.application";
		};
/* End PBXNativeTarget section */

/* Begin PBXProject section */
		AE3B7A512AB8957100EB8F02 /* Project object */ = {
			isa = PBXProject;
			attributes = {
				BuildIndependentTargetsInParallel = 1;
				LastSwiftUpdateCheck = 1430;
				LastUpgradeCheck = 1430;
				TargetAttributes = {
					AE3B7A582AB8957100EB8F02 = {
						CreatedOnToolsVersion = 14.3;
					};
				};
			};
			buildConfigurationList = AE3B7A542AB8957100EB8F02 /* Build configuration list for PBXProject "PDFKitPractice" */;
			compatibilityVersion = "Xcode 14.0";
			developmentRegion = en;
			hasScannedForEncodings = 0;
			knownRegions = (
				en,
				Base,
			);
			mainGroup = AE3B7A502AB8957100EB8F02;
			productRefGroup = AE3B7A5A2AB8957100EB8F02 /* Products */;
			projectDirPath = "";
			projectRoot = "";
			targets = (
				AE3B7A582AB8957100EB8F02 /* PDFKitPractice */,
			);
		};
/* End PBXProject section */

/* Begin PBXResourcesBuildPhase section */
		AE3B7A572AB8957100EB8F02 /* Resources */ = {
			isa = PBXResourcesBuildPhase;
			buildActionMask = 2147483647;
			files = (
				AE3B7A642AB8957200EB8F02 /* Preview Assets.xcassets in Resources */,
				AE3B7A612AB8957200EB8F02 /* Assets.xcassets in Resources */,
				AE3B7A6D2AB899D900EB8F02 /* form.pdf in Resources */,
			);
			runOnlyForDeploymentPostprocessing = 0;
		};
/* End PBXResourcesBuildPhase section */

/* Begin PBXSourcesBuildPhase section */
		AE3B7A552AB8957100EB8F02 /* Sources */ = {
			isa = PBXSourcesBuildPhase;
			buildActionMask = 2147483647;
			files = (
				AE57B9E82AB9BED300F71B34 /* Utilities.swift in Sources */,
				AE57B9F02ABC5D2D00F71B34 /* PDFManager.swift in Sources */,
				AE57B9EC2ABC4D2F00F71B34 /* Data.swift in Sources */,
				AE3B7A5F2AB8957100EB8F02 /* ContentView.swift in Sources */,
				AE57B9EA2AB9C02A00F71B34 /* WriteFormView.swift in Sources */,
				AE57B9E62AB9B5C100F71B34 /* PDFViewer.swift in Sources */,
				AE3B7A5D2AB8957100EB8F02 /* PDFKitPracticeApp.swift in Sources */,
			);
			runOnlyForDeploymentPostprocessing = 0;
		};
/* End PBXSourcesBuildPhase section */

/* Begin XCBuildConfiguration section */
		AE3B7A652AB8957200EB8F02 /* Debug */ = {
			isa = XCBuildConfiguration;
			buildSettings = {
				ALWAYS_SEARCH_USER_PATHS = NO;
				CLANG_ANALYZER_NONNULL = YES;
				CLANG_ANALYZER_NUMBER_OBJECT_CONVERSION = YES_AGGRESSIVE;
				CLANG_CXX_LANGUAGE_STANDARD = "gnu++20";
				CLANG_ENABLE_MODULES = YES;
				CLANG_ENABLE_OBJC_ARC = YES;
				CLANG_ENABLE_OBJC_WEAK = YES;
				CLANG_WARN_BLOCK_CAPTURE_AUTORELEASING = YES;
				CLANG_WARN_BOOL_CONVERSION = YES;
				CLANG_WARN_COMMA = YES;
				CLANG_WARN_CONSTANT_CONVERSION = YES;
				CLANG_WARN_DEPRECATED_OBJC_IMPLEMENTATIONS = YES;
				CLANG_WARN_DIRECT_OBJC_ISA_USAGE = YES_ERROR;
				CLANG_WARN_DOCUMENTATION_COMMENTS = YES;
				CLANG_WARN_EMPTY_BODY = YES;
				CLANG_WARN_ENUM_CONVERSION = YES;
				CLANG_WARN_INFINITE_RECURSION = YES;
				CLANG_WARN_INT_CONVERSION = YES;
				CLANG_WARN_NON_LITERAL_NULL_CONVERSION = YES;
				CLANG_WARN_OBJC_IMPLICIT_RETAIN_SELF = YES;
				CLANG_WARN_OBJC_LITERAL_CONVERSION = YES;
				CLANG_WARN_OBJC_ROOT_CLASS = YES_ERROR;
				CLANG_WARN_QUOTED_INCLUDE_IN_FRAMEWORK_HEADER = YES;
				CLANG_WARN_RANGE_LOOP_ANALYSIS = YES;
				CLANG_WARN_STRICT_PROTOTYPES = YES;
				CLANG_WARN_SUSPICIOUS_MOVE = YES;
				CLANG_WARN_UNGUARDED_AVAILABILITY = YES_AGGRESSIVE;
				CLANG_WARN_UNREACHABLE_CODE = YES;
				CLANG_WARN__DUPLICATE_METHOD_MATCH = YES;
				COPY_PHASE_STRIP = NO;
				DEBUG_INFORMATION_FORMAT = dwarf;
				ENABLE_STRICT_OBJC_MSGSEND = YES;
				ENABLE_TESTABILITY = YES;
				GCC_C_LANGUAGE_STANDARD = gnu11;
				GCC_DYNAMIC_NO_PIC = NO;
				GCC_NO_COMMON_BLOCKS = YES;
				GCC_OPTIMIZATION_LEVEL = 0;
				GCC_PREPROCESSOR_DEFINITIONS = (
					"DEBUG=1",
					"$(inherited)",
				);
				GCC_WARN_64_TO_32_BIT_CONVERSION = YES;
				GCC_WARN_ABOUT_RETURN_TYPE = YES_ERROR;
				GCC_WARN_UNDECLARED_SELECTOR = YES;
				GCC_WARN_UNINITIALIZED_AUTOS = YES_AGGRESSIVE;
				GCC_WARN_UNUSED_FUNCTION = YES;
				GCC_WARN_UNUSED_VARIABLE = YES;
				IPHONEOS_DEPLOYMENT_TARGET = 16.4;
				MTL_ENABLE_DEBUG_INFO = INCLUDE_SOURCE;
				MTL_FAST_MATH = YES;
				ONLY_ACTIVE_ARCH = YES;
				SDKROOT = iphoneos;
				SWIFT_ACTIVE_COMPILATION_CONDITIONS = DEBUG;
				SWIFT_OPTIMIZATION_LEVEL = "-Onone";
			};
			name = Debug;
		};
		AE3B7A662AB8957200EB8F02 /* Release */ = {
			isa = XCBuildConfiguration;
			buildSettings = {
				ALWAYS_SEARCH_USER_PATHS = NO;
				CLANG_ANALYZER_NONNULL = YES;
				CLANG_ANALYZER_NUMBER_OBJECT_CONVERSION = YES_AGGRESSIVE;
				CLANG_CXX_LANGUAGE_STANDARD = "gnu++20";
				CLANG_ENABLE_MODULES = YES;
				CLANG_ENABLE_OBJC_ARC = YES;
				CLANG_ENABLE_OBJC_WEAK = YES;
				CLANG_WARN_BLOCK_CAPTURE_AUTORELEASING = YES;
				CLANG_WARN_BOOL_CONVERSION = YES;
				CLANG_WARN_COMMA = YES;
				CLANG_WARN_CONSTANT_CONVERSION = YES;
				CLANG_WARN_DEPRECATED_OBJC_IMPLEMENTATIONS = YES;
				CLANG_WARN_DIRECT_OBJC_ISA_USAGE = YES_ERROR;
				CLANG_WARN_DOCUMENTATION_COMMENTS = YES;
				CLANG_WARN_EMPTY_BODY = YES;
				CLANG_WARN_ENUM_CONVERSION = YES;
				CLANG_WARN_INFINITE_RECURSION = YES;
				CLANG_WARN_INT_CONVERSION = YES;
				CLANG_WARN_NON_LITERAL_NULL_CONVERSION = YES;
				CLANG_WARN_OBJC_IMPLICIT_RETAIN_SELF = YES;
				CLANG_WARN_OBJC_LITERAL_CONVERSION = YES;
				CLANG_WARN_OBJC_ROOT_CLASS = YES_ERROR;
				CLANG_WARN_QUOTED_INCLUDE_IN_FRAMEWORK_HEADER = YES;
				CLANG_WARN_RANGE_LOOP_ANALYSIS = YES;
				CLANG_WARN_STRICT_PROTOTYPES = YES;
				CLANG_WARN_SUSPICIOUS_MOVE = YES;
				CLANG_WARN_UNGUARDED_AVAILABILITY = YES_AGGRESSIVE;
				CLANG_WARN_UNREACHABLE_CODE = YES;
				CLANG_WARN__DUPLICATE_METHOD_MATCH = YES;
				COPY_PHASE_STRIP = NO;
				DEBUG_INFORMATION_FORMAT = "dwarf-with-dsym";
				ENABLE_NS_ASSERTIONS = NO;
				ENABLE_STRICT_OBJC_MSGSEND = YES;
				GCC_C_LANGUAGE_STANDARD = gnu11;
				GCC_NO_COMMON_BLOCKS = YES;
				GCC_WARN_64_TO_32_BIT_CONVERSION = YES;
				GCC_WARN_ABOUT_RETURN_TYPE = YES_ERROR;
				GCC_WARN_UNDECLARED_SELECTOR = YES;
				GCC_WARN_UNINITIALIZED_AUTOS = YES_AGGRESSIVE;
				GCC_WARN_UNUSED_FUNCTION = YES;
				GCC_WARN_UNUSED_VARIABLE = YES;
				IPHONEOS_DEPLOYMENT_TARGET = 16.4;
				MTL_ENABLE_DEBUG_INFO = NO;
				MTL_FAST_MATH = YES;
				SDKROOT = iphoneos;
				SWIFT_COMPILATION_MODE = wholemodule;
				SWIFT_OPTIMIZATION_LEVEL = "-O";
				VALIDATE_PRODUCT = YES;
			};
			name = Release;
		};
		AE3B7A682AB8957200EB8F02 /* Debug */ = {
			isa = XCBuildConfiguration;
			buildSettings = {
				ASSETCATALOG_COMPILER_APPICON_NAME = AppIcon;
				ASSETCATALOG_COMPILER_GLOBAL_ACCENT_COLOR_NAME = AccentColor;
				CODE_SIGN_STYLE = Automatic;
				CURRENT_PROJECT_VERSION = 1;
				DEVELOPMENT_ASSET_PATHS = "\"PDFKitPractice/Preview Content\"";
				DEVELOPMENT_TEAM = HFR7W36699;
				ENABLE_PREVIEWS = YES;
				GENERATE_INFOPLIST_FILE = YES;
				INFOPLIST_KEY_UIApplicationSceneManifest_Generation = YES;
				INFOPLIST_KEY_UIApplicationSupportsIndirectInputEvents = YES;
				INFOPLIST_KEY_UILaunchScreen_Generation = YES;
				INFOPLIST_KEY_UISupportedInterfaceOrientations_iPad = "UIInterfaceOrientationPortrait UIInterfaceOrientationPortraitUpsideDown UIInterfaceOrientationLandscapeLeft UIInterfaceOrientationLandscapeRight";
				INFOPLIST_KEY_UISupportedInterfaceOrientations_iPhone = "UIInterfaceOrientationPortrait UIInterfaceOrientationLandscapeLeft UIInterfaceOrientationLandscapeRight";
				LD_RUNPATH_SEARCH_PATHS = (
					"$(inherited)",
					"@executable_path/Frameworks",
				);
				MARKETING_VERSION = 1.0;
				PRODUCT_BUNDLE_IDENTIFIER = com.sebin.identifier.PDFKitPractice;
				PRODUCT_NAME = "$(TARGET_NAME)";
				SWIFT_EMIT_LOC_STRINGS = YES;
				SWIFT_VERSION = 5.0;
				TARGETED_DEVICE_FAMILY = "1,2";
			};
			name = Debug;
		};
		AE3B7A692AB8957200EB8F02 /* Release */ = {
			isa = XCBuildConfiguration;
			buildSettings = {
				ASSETCATALOG_COMPILER_APPICON_NAME = AppIcon;
				ASSETCATALOG_COMPILER_GLOBAL_ACCENT_COLOR_NAME = AccentColor;
				CODE_SIGN_STYLE = Automatic;
				CURRENT_PROJECT_VERSION = 1;
				DEVELOPMENT_ASSET_PATHS = "\"PDFKitPractice/Preview Content\"";
				DEVELOPMENT_TEAM = HFR7W36699;
				ENABLE_PREVIEWS = YES;
				GENERATE_INFOPLIST_FILE = YES;
				INFOPLIST_KEY_UIApplicationSceneManifest_Generation = YES;
				INFOPLIST_KEY_UIApplicationSupportsIndirectInputEvents = YES;
				INFOPLIST_KEY_UILaunchScreen_Generation = YES;
				INFOPLIST_KEY_UISupportedInterfaceOrientations_iPad = "UIInterfaceOrientationPortrait UIInterfaceOrientationPortraitUpsideDown UIInterfaceOrientationLandscapeLeft UIInterfaceOrientationLandscapeRight";
				INFOPLIST_KEY_UISupportedInterfaceOrientations_iPhone = "UIInterfaceOrientationPortrait UIInterfaceOrientationLandscapeLeft UIInterfaceOrientationLandscapeRight";
				LD_RUNPATH_SEARCH_PATHS = (
					"$(inherited)",
					"@executable_path/Frameworks",
				);
				MARKETING_VERSION = 1.0;
				PRODUCT_BUNDLE_IDENTIFIER = com.sebin.identifier.PDFKitPractice;
				PRODUCT_NAME = "$(TARGET_NAME)";
				SWIFT_EMIT_LOC_STRINGS = YES;
				SWIFT_VERSION = 5.0;
				TARGETED_DEVICE_FAMILY = "1,2";
			};
			name = Release;
		};
/* End XCBuildConfiguration section */

/* Begin XCConfigurationList section */
		AE3B7A542AB8957100EB8F02 /* Build configuration list for PBXProject "PDFKitPractice" */ = {
			isa = XCConfigurationList;
			buildConfigurations = (
				AE3B7A652AB8957200EB8F02 /* Debug */,
				AE3B7A662AB8957200EB8F02 /* Release */,
			);
			defaultConfigurationIsVisible = 0;
			defaultConfigurationName = Release;
		};
		AE3B7A672AB8957200EB8F02 /* Build configuration list for PBXNativeTarget "PDFKitPractice" */ = {
			isa = XCConfigurationList;
			buildConfigurations = (
				AE3B7A682AB8957200EB8F02 /* Debug */,
				AE3B7A692AB8957200EB8F02 /* Release */,
			);
			defaultConfigurationIsVisible = 0;
			defaultConfigurationName = Release;
		};
/* End XCConfigurationList section */
	};
	rootObject = AE3B7A512AB8957100EB8F02 /* Project object */;
}
